// !$*UTF8*$!
{
	archiveVersion = 1;
	classes = {
	};
	objectVersion = 56;
	objects = {

/* Begin PBXBuildFile section */
		5000BD512940F532008F27D5 /* Mirror.swift in Sources */ = {isa = PBXBuildFile; fileRef = 5000BD502940F532008F27D5 /* Mirror.swift */; };
		5000BD532940FBEC008F27D5 /* avecSuffixe.swift in Sources */ = {isa = PBXBuildFile; fileRef = 5000BD522940FBEC008F27D5 /* avecSuffixe.swift */; };
		500384DA2937C94500623C40 /* EspacesOuTabs.swift in Sources */ = {isa = PBXBuildFile; fileRef = 500384D92937C94500623C40 /* EspacesOuTabs.swift */; };
		503914B6294EF6A600AE0B5A /* enIgnorant.swift in Sources */ = {isa = PBXBuildFile; fileRef = 503914B5294EF6A600AE0B5A /* enIgnorant.swift */; };
		503B765B29375D9F00900BE4 /* AvecLecteurInstance.swift in Sources */ = {isa = PBXBuildFile; fileRef = 503B765A29375D9F00900BE4 /* AvecLecteurInstance.swift */; };
		503B765F2937A9E000900BE4 /* Regex Espacements.swift in Sources */ = {isa = PBXBuildFile; fileRef = 503B765E2937A9E000900BE4 /* Regex Espacements.swift */; };
		503D18B2294DFE4D0080163D /* UnEspacement.swift in Sources */ = {isa = PBXBuildFile; fileRef = 503D18B1294DFE4D0080163D /* UnEspacement.swift */; };
		503F4C2A292B722300DB9F41 /* AvecLecteurRegex.swift in Sources */ = {isa = PBXBuildFile; fileRef = 503F4C29292B722300DB9F41 /* AvecLecteurRegex.swift */; };
		5052A0F0292A648E005ACA5D /* optionnel.swift in Sources */ = {isa = PBXBuildFile; fileRef = 508F87D829262ED20022543F /* optionnel.swift */; };
		5052A0F1292A64BF005ACA5D /* suiviDe 2 3.swift in Sources */ = {isa = PBXBuildFile; fileRef = 508F87DA29262ED20022543F /* suiviDe 2 3.swift */; };
		5052A0F2292A64DC005ACA5D /* ou 2 3.swift in Sources */ = {isa = PBXBuildFile; fileRef = 508776D32928C562008E199D /* ou 2 3.swift */; };
		5052A0F4292A6507005ACA5D /* listeNonVide.swift in Sources */ = {isa = PBXBuildFile; fileRef = 508776D72928D343008E199D /* listeNonVide.swift */; };
		5052A0F5292A6517005ACA5D /* present.swift in Sources */ = {isa = PBXBuildFile; fileRef = 508776D92928D6A9008E199D /* present.swift */; };
		5052A0F6292A6522005ACA5D /* absent.swift in Sources */ = {isa = PBXBuildFile; fileRef = 508776DB2928DB50008E199D /* absent.swift */; };
		50696958292783930094780F /* Erreur.swift in Sources */ = {isa = PBXBuildFile; fileRef = 50696957292783930094780F /* Erreur.swift */; };
		506969A12927E2F60094780F /* AvecLecteur.swift in Sources */ = {isa = PBXBuildFile; fileRef = 506969A02927E2F60094780F /* AvecLecteur.swift */; };
		5069BD862930C74100EC3F5A /* avecEncadrement.swift in Sources */ = {isa = PBXBuildFile; fileRef = 5069BD852930C74100EC3F5A /* avecEncadrement.swift */; };
		508F87CE29262E120022543F /* Lu.swift in Sources */ = {isa = PBXBuildFile; fileRef = 508F87CD29262E120022543F /* Lu.swift */; };
		508F87D129262E590022543F /* String_Extension.swift in Sources */ = {isa = PBXBuildFile; fileRef = 508F87CF29262E590022543F /* String_Extension.swift */; };
		508F87F32926E3BC0022543F /* Lecture.swift in Sources */ = {isa = PBXBuildFile; fileRef = 508F87F22926E3BC0022543F /* Lecture.swift */; };
		508F87F52926EC940022543F /* Lecteur.swift in Sources */ = {isa = PBXBuildFile; fileRef = 508F87F42926EC940022543F /* Lecteur.swift */; };
		50CBD8FD294DCBD000699E95 /* EspacesOuTabsOuReturns.swift in Sources */ = {isa = PBXBuildFile; fileRef = 50CBD8FC294DCBD000699E95 /* EspacesOuTabsOuReturns.swift */; };
		50CBD8FF294DCDBD00699E95 /* Exemple Mot.swift in Sources */ = {isa = PBXBuildFile; fileRef = 50CBD8FE294DCDBD00699E95 /* Exemple Mot.swift */; };
		50D45A2D29256071001C7723 /* Lecteur.docc in Sources */ = {isa = PBXBuildFile; fileRef = 50D45A2C29256071001C7723 /* Lecteur.docc */; };
		50D45A3329256072001C7723 /* Lecteur.framework in Frameworks */ = {isa = PBXBuildFile; fileRef = 50D45A2829256071001C7723 /* Lecteur.framework */; };
		50D45A3829256072001C7723 /* LecteurTests.swift in Sources */ = {isa = PBXBuildFile; fileRef = 50D45A3729256072001C7723 /* LecteurTests.swift */; };
		50D45A3929256072001C7723 /* Lecteur.h in Headers */ = {isa = PBXBuildFile; fileRef = 50D45A2B29256071001C7723 /* Lecteur.h */; settings = {ATTRIBUTES = (Public, ); }; };
		50F4D246292FAB8100C6706C /* Choix.swift in Sources */ = {isa = PBXBuildFile; fileRef = 50F4D245292FAB8100C6706C /* Choix.swift */; };
		50F4D24A292FE8A300C6706C /* liste.swift in Sources */ = {isa = PBXBuildFile; fileRef = 50F4D249292FE8A300C6706C /* liste.swift */; };
		50F4D24B292FF65D00C6706C /* listeAvecSeparateur.swift in Sources */ = {isa = PBXBuildFile; fileRef = 50C60AF5292E17E8008D83A5 /* listeAvecSeparateur.swift */; };
		50F4E5D229421DCF000ED8D9 /* avecPrefixe.swift in Sources */ = {isa = PBXBuildFile; fileRef = 50F4E5D129421DCF000ED8D9 /* avecPrefixe.swift */; };
		50F4E5D42942262D000ED8D9 /* suiviDeAvecSeparateur.swift in Sources */ = {isa = PBXBuildFile; fileRef = 50F4E5D32942262D000ED8D9 /* suiviDeAvecSeparateur.swift */; };
/* End PBXBuildFile section */

/* Begin PBXContainerItemProxy section */
		50D45A3429256072001C7723 /* PBXContainerItemProxy */ = {
			isa = PBXContainerItemProxy;
			containerPortal = 50D45A1F29256071001C7723 /* Project object */;
			proxyType = 1;
			remoteGlobalIDString = 50D45A2729256071001C7723;
			remoteInfo = Lecteur;
		};
/* End PBXContainerItemProxy section */

/* Begin PBXFileReference section */
		5000BD502940F532008F27D5 /* Mirror.swift */ = {isa = PBXFileReference; lastKnownFileType = sourcecode.swift; path = Mirror.swift; sourceTree = "<group>"; };
		5000BD522940FBEC008F27D5 /* avecSuffixe.swift */ = {isa = PBXFileReference; lastKnownFileType = sourcecode.swift; path = avecSuffixe.swift; sourceTree = "<group>"; };
		500384D92937C94500623C40 /* EspacesOuTabs.swift */ = {isa = PBXFileReference; lastKnownFileType = sourcecode.swift; path = EspacesOuTabs.swift; sourceTree = "<group>"; };
		503914B5294EF6A600AE0B5A /* enIgnorant.swift */ = {isa = PBXFileReference; lastKnownFileType = sourcecode.swift; path = enIgnorant.swift; sourceTree = "<group>"; };
		503B765A29375D9F00900BE4 /* AvecLecteurInstance.swift */ = {isa = PBXFileReference; lastKnownFileType = sourcecode.swift; path = AvecLecteurInstance.swift; sourceTree = "<group>"; };
		503B765E2937A9E000900BE4 /* Regex Espacements.swift */ = {isa = PBXFileReference; lastKnownFileType = sourcecode.swift; path = "Regex Espacements.swift"; sourceTree = "<group>"; };
		503D18B1294DFE4D0080163D /* UnEspacement.swift */ = {isa = PBXFileReference; lastKnownFileType = sourcecode.swift; path = UnEspacement.swift; sourceTree = "<group>"; };
		503F4C29292B722300DB9F41 /* AvecLecteurRegex.swift */ = {isa = PBXFileReference; lastKnownFileType = sourcecode.swift; path = AvecLecteurRegex.swift; sourceTree = "<group>"; };
		50696957292783930094780F /* Erreur.swift */ = {isa = PBXFileReference; lastKnownFileType = sourcecode.swift; path = Erreur.swift; sourceTree = "<group>"; };
		506969A02927E2F60094780F /* AvecLecteur.swift */ = {isa = PBXFileReference; lastKnownFileType = sourcecode.swift; path = AvecLecteur.swift; sourceTree = "<group>"; };
		5069BD852930C74100EC3F5A /* avecEncadrement.swift */ = {isa = PBXFileReference; lastKnownFileType = sourcecode.swift; path = avecEncadrement.swift; sourceTree = "<group>"; };
		508776D32928C562008E199D /* ou 2 3.swift */ = {isa = PBXFileReference; lastKnownFileType = sourcecode.swift; path = "ou 2 3.swift"; sourceTree = "<group>"; };
		508776D72928D343008E199D /* listeNonVide.swift */ = {isa = PBXFileReference; lastKnownFileType = sourcecode.swift; path = listeNonVide.swift; sourceTree = "<group>"; };
		508776D92928D6A9008E199D /* present.swift */ = {isa = PBXFileReference; lastKnownFileType = sourcecode.swift; path = present.swift; sourceTree = "<group>"; };
		508776DB2928DB50008E199D /* absent.swift */ = {isa = PBXFileReference; lastKnownFileType = sourcecode.swift; path = absent.swift; sourceTree = "<group>"; };
		508F87CD29262E120022543F /* Lu.swift */ = {isa = PBXFileReference; fileEncoding = 4; lastKnownFileType = sourcecode.swift; path = Lu.swift; sourceTree = "<group>"; };
		508F87CF29262E590022543F /* String_Extension.swift */ = {isa = PBXFileReference; fileEncoding = 4; lastKnownFileType = sourcecode.swift; path = String_Extension.swift; sourceTree = "<group>"; };
		508F87D829262ED20022543F /* optionnel.swift */ = {isa = PBXFileReference; fileEncoding = 4; lastKnownFileType = sourcecode.swift; path = optionnel.swift; sourceTree = "<group>"; };
		508F87DA29262ED20022543F /* suiviDe 2 3.swift */ = {isa = PBXFileReference; fileEncoding = 4; lastKnownFileType = sourcecode.swift; path = "suiviDe 2 3.swift"; sourceTree = "<group>"; };
		508F87F22926E3BC0022543F /* Lecture.swift */ = {isa = PBXFileReference; lastKnownFileType = sourcecode.swift; path = Lecture.swift; sourceTree = "<group>"; };
		508F87F42926EC940022543F /* Lecteur.swift */ = {isa = PBXFileReference; lastKnownFileType = sourcecode.swift; path = Lecteur.swift; sourceTree = "<group>"; };
		50C60AF5292E17E8008D83A5 /* listeAvecSeparateur.swift */ = {isa = PBXFileReference; lastKnownFileType = sourcecode.swift; path = listeAvecSeparateur.swift; sourceTree = "<group>"; };
		50CBD8FC294DCBD000699E95 /* EspacesOuTabsOuReturns.swift */ = {isa = PBXFileReference; lastKnownFileType = sourcecode.swift; path = EspacesOuTabsOuReturns.swift; sourceTree = "<group>"; };
		50CBD8FE294DCDBD00699E95 /* Exemple Mot.swift */ = {isa = PBXFileReference; lastKnownFileType = sourcecode.swift; path = "Exemple Mot.swift"; sourceTree = "<group>"; };
		50D45A2829256071001C7723 /* Lecteur.framework */ = {isa = PBXFileReference; explicitFileType = wrapper.framework; includeInIndex = 0; path = Lecteur.framework; sourceTree = BUILT_PRODUCTS_DIR; };
		50D45A2B29256071001C7723 /* Lecteur.h */ = {isa = PBXFileReference; lastKnownFileType = sourcecode.c.h; path = Lecteur.h; sourceTree = "<group>"; };
		50D45A2C29256071001C7723 /* Lecteur.docc */ = {isa = PBXFileReference; lastKnownFileType = folder.documentationcatalog; path = Lecteur.docc; sourceTree = "<group>"; };
		50D45A3229256072001C7723 /* LecteurTests.xctest */ = {isa = PBXFileReference; explicitFileType = wrapper.cfbundle; includeInIndex = 0; path = LecteurTests.xctest; sourceTree = BUILT_PRODUCTS_DIR; };
		50D45A3729256072001C7723 /* LecteurTests.swift */ = {isa = PBXFileReference; lastKnownFileType = sourcecode.swift; path = LecteurTests.swift; sourceTree = "<group>"; };
		50F4D245292FAB8100C6706C /* Choix.swift */ = {isa = PBXFileReference; lastKnownFileType = sourcecode.swift; path = Choix.swift; sourceTree = "<group>"; };
		50F4D249292FE8A300C6706C /* liste.swift */ = {isa = PBXFileReference; lastKnownFileType = sourcecode.swift; path = liste.swift; sourceTree = "<group>"; };
		50F4E5D129421DCF000ED8D9 /* avecPrefixe.swift */ = {isa = PBXFileReference; lastKnownFileType = sourcecode.swift; path = avecPrefixe.swift; sourceTree = "<group>"; };
		50F4E5D32942262D000ED8D9 /* suiviDeAvecSeparateur.swift */ = {isa = PBXFileReference; lastKnownFileType = sourcecode.swift; path = suiviDeAvecSeparateur.swift; sourceTree = "<group>"; };
/* End PBXFileReference section */

/* Begin PBXFrameworksBuildPhase section */
		50D45A2529256071001C7723 /* Frameworks */ = {
			isa = PBXFrameworksBuildPhase;
			buildActionMask = 2147483647;
			files = (
			);
			runOnlyForDeploymentPostprocessing = 0;
		};
		50D45A2F29256072001C7723 /* Frameworks */ = {
			isa = PBXFrameworksBuildPhase;
			buildActionMask = 2147483647;
			files = (
				50D45A3329256072001C7723 /* Lecteur.framework in Frameworks */,
			);
			runOnlyForDeploymentPostprocessing = 0;
		};
/* End PBXFrameworksBuildPhase section */

/* Begin PBXGroup section */
		508F87E929268A9E0022543F /* Corbeille */ = {
			isa = PBXGroup;
			children = (
			);
			path = Corbeille;
			sourceTree = "<group>";
		};
		50D45A1E29256071001C7723 = {
			isa = PBXGroup;
			children = (
				50D45A2A29256071001C7723 /* Lecteur */,
				50D45A3629256072001C7723 /* LecteurTests */,
				50D45A2929256071001C7723 /* Products */,
			);
			sourceTree = "<group>";
		};
		50D45A2929256071001C7723 /* Products */ = {
			isa = PBXGroup;
			children = (
				50D45A2829256071001C7723 /* Lecteur.framework */,
				50D45A3229256072001C7723 /* LecteurTests.xctest */,
			);
			name = Products;
			sourceTree = "<group>";
		};
		50D45A2A29256071001C7723 /* Lecteur */ = {
			isa = PBXGroup;
			children = (
				50D45A42292562CE001C7723 /* Framework */,
				508F87E929268A9E0022543F /* Corbeille */,
				50D45A2B29256071001C7723 /* Lecteur.h */,
				50D45A2C29256071001C7723 /* Lecteur.docc */,
			);
			path = Lecteur;
			sourceTree = "<group>";
		};
		50D45A3629256072001C7723 /* LecteurTests */ = {
			isa = PBXGroup;
			children = (
				50D45A3729256072001C7723 /* LecteurTests.swift */,
			);
			path = LecteurTests;
			sourceTree = "<group>";
		};
		50D45A42292562CE001C7723 /* Framework */ = {
			isa = PBXGroup;
			children = (
				50DAD5CA292D316300F8A949 /* Lecteurs */,
				50D45A4529256371001C7723 /* Extensions Swift */,
				50D45A58292564F4001C7723 /* Primitives */,
				50D45A432925633D001C7723 /* Protocoles */,
				50D45A4429256361001C7723 /* Operateurs Lecteur */,
			);
			path = Framework;
			sourceTree = "<group>";
		};
		50D45A432925633D001C7723 /* Protocoles */ = {
			isa = PBXGroup;
			children = (
				503D18B1294DFE4D0080163D /* UnEspacement.swift */,
				506969A02927E2F60094780F /* AvecLecteur.swift */,
				503B765A29375D9F00900BE4 /* AvecLecteurInstance.swift */,
				503F4C29292B722300DB9F41 /* AvecLecteurRegex.swift */,
			);
			path = Protocoles;
			sourceTree = "<group>";
		};
		50D45A4429256361001C7723 /* Operateurs Lecteur */ = {
			isa = PBXGroup;
			children = (
				508F87D829262ED20022543F /* optionnel.swift */,
				508F87DA29262ED20022543F /* suiviDe 2 3.swift */,
				50F4E5D32942262D000ED8D9 /* suiviDeAvecSeparateur.swift */,
				508776D32928C562008E199D /* ou 2 3.swift */,
				50F4D249292FE8A300C6706C /* liste.swift */,
				508776D72928D343008E199D /* listeNonVide.swift */,
				50C60AF5292E17E8008D83A5 /* listeAvecSeparateur.swift */,
				5069BD852930C74100EC3F5A /* avecEncadrement.swift */,
				50F4E5D129421DCF000ED8D9 /* avecPrefixe.swift */,
				5000BD522940FBEC008F27D5 /* avecSuffixe.swift */,
				508776D92928D6A9008E199D /* present.swift */,
				508776DB2928DB50008E199D /* absent.swift */,
				503914B5294EF6A600AE0B5A /* enIgnorant.swift */,
			);
			path = "Operateurs Lecteur";
			sourceTree = "<group>";
		};
		50D45A4529256371001C7723 /* Extensions Swift */ = {
			isa = PBXGroup;
			children = (
				508F87CF29262E590022543F /* String_Extension.swift */,
				5000BD502940F532008F27D5 /* Mirror.swift */,
			);
			path = "Extensions Swift";
			sourceTree = "<group>";
		};
		50D45A58292564F4001C7723 /* Primitives */ = {
			isa = PBXGroup;
			children = (
				50696957292783930094780F /* Erreur.swift */,
				508F87CD29262E120022543F /* Lu.swift */,
				508F87F22926E3BC0022543F /* Lecture.swift */,
				508F87F42926EC940022543F /* Lecteur.swift */,
				50F4D245292FAB8100C6706C /* Choix.swift */,
			);
			path = Primitives;
			sourceTree = "<group>";
		};
		50DAD5CA292D316300F8A949 /* Lecteurs */ = {
			isa = PBXGroup;
			children = (
				503B765E2937A9E000900BE4 /* Regex Espacements.swift */,
				500384D92937C94500623C40 /* EspacesOuTabs.swift */,
				50CBD8FC294DCBD000699E95 /* EspacesOuTabsOuReturns.swift */,
				50CBD8FE294DCDBD00699E95 /* Exemple Mot.swift */,
			);
			path = Lecteurs;
			sourceTree = "<group>";
		};
/* End PBXGroup section */

/* Begin PBXHeadersBuildPhase section */
		50D45A2329256071001C7723 /* Headers */ = {
			isa = PBXHeadersBuildPhase;
			buildActionMask = 2147483647;
			files = (
				50D45A3929256072001C7723 /* Lecteur.h in Headers */,
			);
			runOnlyForDeploymentPostprocessing = 0;
		};
/* End PBXHeadersBuildPhase section */

/* Begin PBXNativeTarget section */
		50D45A2729256071001C7723 /* Lecteur */ = {
			isa = PBXNativeTarget;
			buildConfigurationList = 50D45A3C29256072001C7723 /* Build configuration list for PBXNativeTarget "Lecteur" */;
			buildPhases = (
				50D45A2329256071001C7723 /* Headers */,
				50D45A2429256071001C7723 /* Sources */,
				50D45A2529256071001C7723 /* Frameworks */,
				50D45A2629256071001C7723 /* Resources */,
			);
			buildRules = (
			);
			dependencies = (
			);
			name = Lecteur;
			productName = Lecteur;
			productReference = 50D45A2829256071001C7723 /* Lecteur.framework */;
			productType = "com.apple.product-type.framework";
		};
		50D45A3129256072001C7723 /* LecteurTests */ = {
			isa = PBXNativeTarget;
			buildConfigurationList = 50D45A3F29256072001C7723 /* Build configuration list for PBXNativeTarget "LecteurTests" */;
			buildPhases = (
				50D45A2E29256072001C7723 /* Sources */,
				50D45A2F29256072001C7723 /* Frameworks */,
				50D45A3029256072001C7723 /* Resources */,
			);
			buildRules = (
			);
			dependencies = (
				50D45A3529256072001C7723 /* PBXTargetDependency */,
			);
			name = LecteurTests;
			productName = LecteurTests;
			productReference = 50D45A3229256072001C7723 /* LecteurTests.xctest */;
			productType = "com.apple.product-type.bundle.unit-test";
		};
/* End PBXNativeTarget section */

/* Begin PBXProject section */
		50D45A1F29256071001C7723 /* Project object */ = {
			isa = PBXProject;
			attributes = {
				BuildIndependentTargetsInParallel = 1;
				LastSwiftUpdateCheck = 1410;
				LastUpgradeCheck = 1420;
				TargetAttributes = {
					50D45A2729256071001C7723 = {
						CreatedOnToolsVersion = 14.1;
					};
					50D45A3129256072001C7723 = {
						CreatedOnToolsVersion = 14.1;
					};
				};
			};
			buildConfigurationList = 50D45A2229256071001C7723 /* Build configuration list for PBXProject "Lecteur" */;
			compatibilityVersion = "Xcode 14.0";
			developmentRegion = en;
			hasScannedForEncodings = 0;
			knownRegions = (
				en,
				Base,
			);
			mainGroup = 50D45A1E29256071001C7723;
			productRefGroup = 50D45A2929256071001C7723 /* Products */;
			projectDirPath = "";
			projectRoot = "";
			targets = (
				50D45A2729256071001C7723 /* Lecteur */,
				50D45A3129256072001C7723 /* LecteurTests */,
			);
		};
/* End PBXProject section */

/* Begin PBXResourcesBuildPhase section */
		50D45A2629256071001C7723 /* Resources */ = {
			isa = PBXResourcesBuildPhase;
			buildActionMask = 2147483647;
			files = (
			);
			runOnlyForDeploymentPostprocessing = 0;
		};
		50D45A3029256072001C7723 /* Resources */ = {
			isa = PBXResourcesBuildPhase;
			buildActionMask = 2147483647;
			files = (
			);
			runOnlyForDeploymentPostprocessing = 0;
		};
/* End PBXResourcesBuildPhase section */

/* Begin PBXSourcesBuildPhase section */
		50D45A2429256071001C7723 /* Sources */ = {
			isa = PBXSourcesBuildPhase;
			buildActionMask = 2147483647;
			files = (
				50F4D24A292FE8A300C6706C /* liste.swift in Sources */,
				508F87F32926E3BC0022543F /* Lecture.swift in Sources */,
				508F87F52926EC940022543F /* Lecteur.swift in Sources */,
				5052A0F4292A6507005ACA5D /* listeNonVide.swift in Sources */,
				5052A0F2292A64DC005ACA5D /* ou 2 3.swift in Sources */,
				50F4D246292FAB8100C6706C /* Choix.swift in Sources */,
				5052A0F6292A6522005ACA5D /* absent.swift in Sources */,
				503B765F2937A9E000900BE4 /* Regex Espacements.swift in Sources */,
				50F4E5D229421DCF000ED8D9 /* avecPrefixe.swift in Sources */,
				503F4C2A292B722300DB9F41 /* AvecLecteurRegex.swift in Sources */,
				503914B6294EF6A600AE0B5A /* enIgnorant.swift in Sources */,
				50696958292783930094780F /* Erreur.swift in Sources */,
				503D18B2294DFE4D0080163D /* UnEspacement.swift in Sources */,
				5000BD512940F532008F27D5 /* Mirror.swift in Sources */,
				508F87CE29262E120022543F /* Lu.swift in Sources */,
				508F87D129262E590022543F /* String_Extension.swift in Sources */,
				5052A0F0292A648E005ACA5D /* optionnel.swift in Sources */,
				5052A0F5292A6517005ACA5D /* present.swift in Sources */,
				5000BD532940FBEC008F27D5 /* avecSuffixe.swift in Sources */,
				5052A0F1292A64BF005ACA5D /* suiviDe 2 3.swift in Sources */,
				50CBD8FF294DCDBD00699E95 /* Exemple Mot.swift in Sources */,
				50F4E5D42942262D000ED8D9 /* suiviDeAvecSeparateur.swift in Sources */,
				50F4D24B292FF65D00C6706C /* listeAvecSeparateur.swift in Sources */,
				503B765B29375D9F00900BE4 /* AvecLecteurInstance.swift in Sources */,
				5069BD862930C74100EC3F5A /* avecEncadrement.swift in Sources */,
				500384DA2937C94500623C40 /* EspacesOuTabs.swift in Sources */,
				506969A12927E2F60094780F /* AvecLecteur.swift in Sources */,
				50CBD8FD294DCBD000699E95 /* EspacesOuTabsOuReturns.swift in Sources */,
				50D45A2D29256071001C7723 /* Lecteur.docc in Sources */,
			);
			runOnlyForDeploymentPostprocessing = 0;
		};
		50D45A2E29256072001C7723 /* Sources */ = {
			isa = PBXSourcesBuildPhase;
			buildActionMask = 2147483647;
			files = (
				50D45A3829256072001C7723 /* LecteurTests.swift in Sources */,
			);
			runOnlyForDeploymentPostprocessing = 0;
		};
/* End PBXSourcesBuildPhase section */

/* Begin PBXTargetDependency section */
		50D45A3529256072001C7723 /* PBXTargetDependency */ = {
			isa = PBXTargetDependency;
			target = 50D45A2729256071001C7723 /* Lecteur */;
			targetProxy = 50D45A3429256072001C7723 /* PBXContainerItemProxy */;
		};
/* End PBXTargetDependency section */

/* Begin XCBuildConfiguration section */
		50D45A3A29256072001C7723 /* Debug */ = {
			isa = XCBuildConfiguration;
			buildSettings = {
				ALWAYS_SEARCH_USER_PATHS = NO;
				CLANG_ANALYZER_NONNULL = YES;
				CLANG_ANALYZER_NUMBER_OBJECT_CONVERSION = YES_AGGRESSIVE;
				CLANG_CXX_LANGUAGE_STANDARD = "gnu++20";
				CLANG_ENABLE_MODULES = YES;
				CLANG_ENABLE_OBJC_ARC = YES;
				CLANG_ENABLE_OBJC_WEAK = YES;
				CLANG_WARN_BLOCK_CAPTURE_AUTORELEASING = YES;
				CLANG_WARN_BOOL_CONVERSION = YES;
				CLANG_WARN_COMMA = YES;
				CLANG_WARN_CONSTANT_CONVERSION = YES;
				CLANG_WARN_DEPRECATED_OBJC_IMPLEMENTATIONS = YES;
				CLANG_WARN_DIRECT_OBJC_ISA_USAGE = YES_ERROR;
				CLANG_WARN_DOCUMENTATION_COMMENTS = YES;
				CLANG_WARN_EMPTY_BODY = YES;
				CLANG_WARN_ENUM_CONVERSION = YES;
				CLANG_WARN_INFINITE_RECURSION = YES;
				CLANG_WARN_INT_CONVERSION = YES;
				CLANG_WARN_NON_LITERAL_NULL_CONVERSION = YES;
				CLANG_WARN_OBJC_IMPLICIT_RETAIN_SELF = YES;
				CLANG_WARN_OBJC_LITERAL_CONVERSION = YES;
				CLANG_WARN_OBJC_ROOT_CLASS = YES_ERROR;
				CLANG_WARN_QUOTED_INCLUDE_IN_FRAMEWORK_HEADER = YES;
				CLANG_WARN_RANGE_LOOP_ANALYSIS = YES;
				CLANG_WARN_STRICT_PROTOTYPES = YES;
				CLANG_WARN_SUSPICIOUS_MOVE = YES;
				CLANG_WARN_UNGUARDED_AVAILABILITY = YES_AGGRESSIVE;
				CLANG_WARN_UNREACHABLE_CODE = YES;
				CLANG_WARN__DUPLICATE_METHOD_MATCH = YES;
				COPY_PHASE_STRIP = NO;
				CURRENT_PROJECT_VERSION = 1;
				DEAD_CODE_STRIPPING = YES;
				DEBUG_INFORMATION_FORMAT = dwarf;
				ENABLE_STRICT_OBJC_MSGSEND = YES;
				ENABLE_TESTABILITY = YES;
				GCC_C_LANGUAGE_STANDARD = gnu11;
				GCC_DYNAMIC_NO_PIC = NO;
				GCC_NO_COMMON_BLOCKS = YES;
				GCC_OPTIMIZATION_LEVEL = 0;
				GCC_PREPROCESSOR_DEFINITIONS = (
					"DEBUG=1",
					"$(inherited)",
				);
				GCC_WARN_64_TO_32_BIT_CONVERSION = YES;
				GCC_WARN_ABOUT_RETURN_TYPE = YES_ERROR;
				GCC_WARN_UNDECLARED_SELECTOR = YES;
				GCC_WARN_UNINITIALIZED_AUTOS = YES_AGGRESSIVE;
				GCC_WARN_UNUSED_FUNCTION = YES;
				GCC_WARN_UNUSED_VARIABLE = YES;
				MACOSX_DEPLOYMENT_TARGET = 13.0;
				MTL_ENABLE_DEBUG_INFO = INCLUDE_SOURCE;
				MTL_FAST_MATH = YES;
				ONLY_ACTIVE_ARCH = YES;
				SDKROOT = macosx;
				SWIFT_ACTIVE_COMPILATION_CONDITIONS = DEBUG;
				SWIFT_OPTIMIZATION_LEVEL = "-Onone";
				VERSIONING_SYSTEM = "apple-generic";
				VERSION_INFO_PREFIX = "";
			};
			name = Debug;
		};
		50D45A3B29256072001C7723 /* Release */ = {
			isa = XCBuildConfiguration;
			buildSettings = {
				ALWAYS_SEARCH_USER_PATHS = NO;
				CLANG_ANALYZER_NONNULL = YES;
				CLANG_ANALYZER_NUMBER_OBJECT_CONVERSION = YES_AGGRESSIVE;
				CLANG_CXX_LANGUAGE_STANDARD = "gnu++20";
				CLANG_ENABLE_MODULES = YES;
				CLANG_ENABLE_OBJC_ARC = YES;
				CLANG_ENABLE_OBJC_WEAK = YES;
				CLANG_WARN_BLOCK_CAPTURE_AUTORELEASING = YES;
				CLANG_WARN_BOOL_CONVERSION = YES;
				CLANG_WARN_COMMA = YES;
				CLANG_WARN_CONSTANT_CONVERSION = YES;
				CLANG_WARN_DEPRECATED_OBJC_IMPLEMENTATIONS = YES;
				CLANG_WARN_DIRECT_OBJC_ISA_USAGE = YES_ERROR;
				CLANG_WARN_DOCUMENTATION_COMMENTS = YES;
				CLANG_WARN_EMPTY_BODY = YES;
				CLANG_WARN_ENUM_CONVERSION = YES;
				CLANG_WARN_INFINITE_RECURSION = YES;
				CLANG_WARN_INT_CONVERSION = YES;
				CLANG_WARN_NON_LITERAL_NULL_CONVERSION = YES;
				CLANG_WARN_OBJC_IMPLICIT_RETAIN_SELF = YES;
				CLANG_WARN_OBJC_LITERAL_CONVERSION = YES;
				CLANG_WARN_OBJC_ROOT_CLASS = YES_ERROR;
				CLANG_WARN_QUOTED_INCLUDE_IN_FRAMEWORK_HEADER = YES;
				CLANG_WARN_RANGE_LOOP_ANALYSIS = YES;
				CLANG_WARN_STRICT_PROTOTYPES = YES;
				CLANG_WARN_SUSPICIOUS_MOVE = YES;
				CLANG_WARN_UNGUARDED_AVAILABILITY = YES_AGGRESSIVE;
				CLANG_WARN_UNREACHABLE_CODE = YES;
				CLANG_WARN__DUPLICATE_METHOD_MATCH = YES;
				COPY_PHASE_STRIP = NO;
				CURRENT_PROJECT_VERSION = 1;
				DEAD_CODE_STRIPPING = YES;
				DEBUG_INFORMATION_FORMAT = "dwarf-with-dsym";
				ENABLE_NS_ASSERTIONS = NO;
				ENABLE_STRICT_OBJC_MSGSEND = YES;
				GCC_C_LANGUAGE_STANDARD = gnu11;
				GCC_NO_COMMON_BLOCKS = YES;
				GCC_WARN_64_TO_32_BIT_CONVERSION = YES;
				GCC_WARN_ABOUT_RETURN_TYPE = YES_ERROR;
				GCC_WARN_UNDECLARED_SELECTOR = YES;
				GCC_WARN_UNINITIALIZED_AUTOS = YES_AGGRESSIVE;
				GCC_WARN_UNUSED_FUNCTION = YES;
				GCC_WARN_UNUSED_VARIABLE = YES;
				MACOSX_DEPLOYMENT_TARGET = 13.0;
				MTL_ENABLE_DEBUG_INFO = NO;
				MTL_FAST_MATH = YES;
				SDKROOT = macosx;
				SWIFT_COMPILATION_MODE = wholemodule;
				SWIFT_OPTIMIZATION_LEVEL = "-O";
				VERSIONING_SYSTEM = "apple-generic";
				VERSION_INFO_PREFIX = "";
			};
			name = Release;
		};
		50D45A3D29256072001C7723 /* Debug */ = {
			isa = XCBuildConfiguration;
			buildSettings = {
				CODE_SIGN_STYLE = Automatic;
				COMBINE_HIDPI_IMAGES = YES;
				CURRENT_PROJECT_VERSION = 1;
				DEAD_CODE_STRIPPING = YES;
				DEFINES_MODULE = YES;
				DYLIB_COMPATIBILITY_VERSION = 1;
				DYLIB_CURRENT_VERSION = 1;
				DYLIB_INSTALL_NAME_BASE = "@rpath";
				GENERATE_INFOPLIST_FILE = YES;
				INFOPLIST_KEY_NSHumanReadableCopyright = "";
				INSTALL_PATH = "$(LOCAL_LIBRARY_DIR)/Frameworks";
				LD_RUNPATH_SEARCH_PATHS = (
					"$(inherited)",
					"@executable_path/../Frameworks",
					"@loader_path/Frameworks",
				);
				MARKETING_VERSION = 1.0;
				PRODUCT_BUNDLE_IDENTIFIER = gt.Lecteur;
				PRODUCT_NAME = "$(TARGET_NAME:c99extidentifier)";
				SKIP_INSTALL = YES;
				SWIFT_EMIT_LOC_STRINGS = YES;
				SWIFT_VERSION = 5.0;
			};
			name = Debug;
		};
		50D45A3E29256072001C7723 /* Release */ = {
			isa = XCBuildConfiguration;
			buildSettings = {
				CODE_SIGN_STYLE = Automatic;
				COMBINE_HIDPI_IMAGES = YES;
				CURRENT_PROJECT_VERSION = 1;
				DEAD_CODE_STRIPPING = YES;
				DEFINES_MODULE = YES;
				DYLIB_COMPATIBILITY_VERSION = 1;
				DYLIB_CURRENT_VERSION = 1;
				DYLIB_INSTALL_NAME_BASE = "@rpath";
				GENERATE_INFOPLIST_FILE = YES;
				INFOPLIST_KEY_NSHumanReadableCopyright = "";
				INSTALL_PATH = "$(LOCAL_LIBRARY_DIR)/Frameworks";
				LD_RUNPATH_SEARCH_PATHS = (
					"$(inherited)",
					"@executable_path/../Frameworks",
					"@loader_path/Frameworks",
				);
				MARKETING_VERSION = 1.0;
				PRODUCT_BUNDLE_IDENTIFIER = gt.Lecteur;
				PRODUCT_NAME = "$(TARGET_NAME:c99extidentifier)";
				SKIP_INSTALL = YES;
				SWIFT_EMIT_LOC_STRINGS = YES;
				SWIFT_VERSION = 5.0;
			};
			name = Release;
		};
		50D45A4029256072001C7723 /* Debug */ = {
			isa = XCBuildConfiguration;
			buildSettings = {
				ALWAYS_EMBED_SWIFT_STANDARD_LIBRARIES = YES;
				CODE_SIGN_STYLE = Automatic;
				CURRENT_PROJECT_VERSION = 1;
				DEAD_CODE_STRIPPING = YES;
				GENERATE_INFOPLIST_FILE = YES;
				MARKETING_VERSION = 1.0;
				PRODUCT_BUNDLE_IDENTIFIER = gt.LecteurTests;
				PRODUCT_NAME = "$(TARGET_NAME)";
				SWIFT_EMIT_LOC_STRINGS = NO;
				SWIFT_VERSION = 5.0;
			};
			name = Debug;
		};
		50D45A4129256072001C7723 /* Release */ = {
			isa = XCBuildConfiguration;
			buildSettings = {
				ALWAYS_EMBED_SWIFT_STANDARD_LIBRARIES = YES;
				CODE_SIGN_STYLE = Automatic;
				CURRENT_PROJECT_VERSION = 1;
				DEAD_CODE_STRIPPING = YES;
				GENERATE_INFOPLIST_FILE = YES;
				MARKETING_VERSION = 1.0;
				PRODUCT_BUNDLE_IDENTIFIER = gt.LecteurTests;
				PRODUCT_NAME = "$(TARGET_NAME)";
				SWIFT_EMIT_LOC_STRINGS = NO;
				SWIFT_VERSION = 5.0;
			};
			name = Release;
		};
/* End XCBuildConfiguration section */

/* Begin XCConfigurationList section */
		50D45A2229256071001C7723 /* Build configuration list for PBXProject "Lecteur" */ = {
			isa = XCConfigurationList;
			buildConfigurations = (
				50D45A3A29256072001C7723 /* Debug */,
				50D45A3B29256072001C7723 /* Release */,
			);
			defaultConfigurationIsVisible = 0;
			defaultConfigurationName = Release;
		};
		50D45A3C29256072001C7723 /* Build configuration list for PBXNativeTarget "Lecteur" */ = {
			isa = XCConfigurationList;
			buildConfigurations = (
				50D45A3D29256072001C7723 /* Debug */,
				50D45A3E29256072001C7723 /* Release */,
			);
			defaultConfigurationIsVisible = 0;
			defaultConfigurationName = Release;
		};
		50D45A3F29256072001C7723 /* Build configuration list for PBXNativeTarget "LecteurTests" */ = {
			isa = XCConfigurationList;
			buildConfigurations = (
				50D45A4029256072001C7723 /* Debug */,
				50D45A4129256072001C7723 /* Release */,
			);
			defaultConfigurationIsVisible = 0;
			defaultConfigurationName = Release;
		};
/* End XCConfigurationList section */
	};
	rootObject = 50D45A1F29256071001C7723 /* Project object */;
}
